
Microsoft Visual Studio Solution File, Format Version 12.00
# Visual Studio Version 17
VisualStudioVersion = 17.6.33829.357
MinimumVisualStudioVersion = 10.0.40219.1
Project("{FAE04EC0-301F-11D3-BF4B-00C04F79EFBC}") = "HubEventPersist", "HubEventPersist.csproj", "{9190752C-0465-4091-A40F-9BEB7700E221}"
EndProject
Global
	GlobalSection(SolutionConfigurationPlatforms) = preSolution
		Debug|Any CPU = Debug|Any CPU
		Release|Any CPU = Release|Any CPU
	EndGlobalSection
	GlobalSection(ProjectConfigurationPlatforms) = postSolution
		{9190752C-0465-4091-A40F-9BEB7700E221}.Debug|Any CPU.ActiveCfg = Debug|Any CPU
		{9190752C-0465-4091-A40F-9BEB7700E221}.Debug|Any CPU.Build.0 = Debug|Any CPU
		{9190752C-0465-4091-A40F-9BEB7700E221}.Release|Any CPU.ActiveCfg = Release|Any CPU
		{9190752C-0465-4091-A40F-9BEB7700E221}.Release|Any CPU.Build.0 = Release|Any CPU
	EndGlobalSection
	GlobalSection(SolutionProperties) = preSolution
		HideSolutionNode = FALSE
	EndGlobalSection
	GlobalSection(ExtensibilityGlobals) = postSolution
		SolutionGuid = {51C55AC4-F9E6-4535-8CCE-06BF1A1F2416}
	EndGlobalSection
EndGlobal
